{
  "version": 4,
  "terraform_version": "1.15.6",
  "serial": 4,
  "lineage": "5d092022-a6d1-6960-3a8a-9de95b588387",
  "outputs": {
    "iam_user": {
      "value": "remote-access-user",
      "type": "string"
    }
  },
  "resources": [
    {
      "mode": "managed",
      "type": "aws_default_vpc",
      "name": "default",
      "provider": "provider[\"registry.terraform.io/hashicorp/aws\"]",
      "instances": [
        {
          "schema_version": 1,
          "attributes": {
            "arn": "arn:aws:ec2:ap-south-1:368763425814:vpc/vpc-098c5c27cc9da648c",
            "assign_generated_ipv6_cidr_block": false,
            "cidr_block": "172.31.0.0/16",
            "default_network_acl_id": "acl-062e822ebe1805a77",
            "default_route_table_id": "rtb-097cd154c966283a4",
            "default_security_group_id": "sg-01ac2cf6721f27eed",
            "dhcp_options_id": "dopt-08da38324f545b469",
            "enable_dns_hostnames": true,
            "enable_dns_support": true,
            "enable_network_address_usage_metrics": false,
            "existing_default_vpc": true,
            "force_destroy": false,
            "id": "vpc-098c5c27cc9da648c",
            "instance_tenancy": "default",
            "ipv6_association_id": "",
            "ipv6_cidr_block": "",
            "ipv6_cidr_block_network_border_group": "",
            "ipv6_ipam_pool_id": "",
            "ipv6_netmask_length": 0,
            "main_route_table_id": "rtb-097cd154c966283a4",
            "owner_id": "368763425814",
            "region": "ap-south-1",
            "tags": {},
            "tags_all": {}
          },
          "sensitive_attributes": [],
          "identity_schema_version": 0,
          "private": "eyJzY2hlbWFfdmVyc2lvbiI6IjEifQ=="
        }
      ]
    },
    {
      "mode": "managed",
      "type": "aws_iam_user",
      "name": "remote-user",
      "provider": "provider[\"registry.terraform.io/hashicorp/aws\"]",
      "instances": [
        {
          "schema_version": 0,
          "attributes": {
            "arn": "arn:aws:iam::368763425814:user/remote-access-user",
            "force_destroy": false,
            "id": "remote-access-user",
            "name": "remote-access-user",
            "path": "/",
            "permissions_boundary": "",
            "tags": {},
            "tags_all": {},
            "unique_id": "AIDAVLXADKQLADIXJEBUZ"
          },
          "sensitive_attributes": [],
          "identity_schema_version": 0,
          "identity": {
            "account_id": "368763425814",
            "name": "remote-access-user"
          },
          "private": "bnVsbA=="
        }
      ]
    }
  ],
  "check_results": null
}
