{
  "version": 4,
  "terraform_version": "1.15.6",
  "serial": 5,
  "lineage": "33fc8528-b6f1-e52f-9650-e9bfb5dd5633",
  "outputs": {},
  "resources": [
    {
      "mode": "managed",
      "type": "aws_iam_user",
      "name": "my_iam_user",
      "provider": "provider[\"registry.terraform.io/hashicorp/aws\"]",
      "instances": [
        {
          "index_key": 0,
          "schema_version": 0,
          "attributes": {
            "arn": "arn:aws:iam::368763425814:user/vinayaka-user-1",
            "force_destroy": false,
            "id": "vinayaka-user-1",
            "name": "vinayaka-user-1",
            "path": "/",
            "permissions_boundary": "",
            "tags": null,
            "tags_all": {},
            "unique_id": "AIDAVLXADKQLICBJU2SOH"
          },
          "sensitive_attributes": [],
          "identity_schema_version": 0,
          "identity": {
            "account_id": "368763425814",
            "name": "vinayaka-user-1"
          },
          "private": "bnVsbA=="
        },
        {
          "index_key": 1,
          "schema_version": 0,
          "attributes": {
            "arn": "arn:aws:iam::368763425814:user/rahula-user-2",
            "force_destroy": false,
            "id": "rahula-user-2",
            "name": "rahula-user-2",
            "path": "/",
            "permissions_boundary": "",
            "tags": null,
            "tags_all": {},
            "unique_id": "AIDAVLXADKQLNMU2FHY62"
          },
          "sensitive_attributes": [],
          "identity_schema_version": 0,
          "identity": {
            "account_id": "368763425814",
            "name": "rahula-user-2"
          },
          "private": "bnVsbA=="
        },
        {
          "index_key": 2,
          "schema_version": 0,
          "attributes": {
            "arn": "arn:aws:iam::368763425814:user/praveena-user-3",
            "force_destroy": false,
            "id": "praveena-user-3",
            "name": "praveena-user-3",
            "path": "/",
            "permissions_boundary": "",
            "tags": null,
            "tags_all": {},
            "unique_id": "AIDAVLXADKQLOC3NN3Y5A"
          },
          "sensitive_attributes": [],
          "identity_schema_version": 0,
          "identity": {
            "account_id": "368763425814",
            "name": "praveena-user-3"
          },
          "private": "bnVsbA=="
        },
        {
          "index_key": 3,
          "schema_version": 0,
          "attributes": {
            "arn": "arn:aws:iam::368763425814:user/rama-user-4",
            "force_destroy": false,
            "id": "rama-user-4",
            "name": "rama-user-4",
            "path": "/",
            "permissions_boundary": "",
            "tags": null,
            "tags_all": {},
            "unique_id": "AIDAVLXADKQLBCLG7BBBM"
          },
          "sensitive_attributes": [],
          "identity_schema_version": 0,
          "identity": {
            "account_id": "368763425814",
            "name": "rama-user-4"
          },
          "private": "bnVsbA=="
        }
      ]
    }
  ],
  "check_results": null
}
